
Microsoft Visual Studio Solution File, Format Version 12.00
# Visual Studio Version 16
VisualStudioVersion = 16.0.33927.289
MinimumVisualStudioVersion = 10.0.40219.1
Project("{8BC9CEB8-8B4A-11D0-8D11-00A0C91BC942}") = "扫雷（2019）", "扫雷（2019）.vcxproj", "{BBA6912D-D676-4026-9B76-5CDEB53510AD}"
EndProject
Global
	GlobalSection(SolutionConfigurationPlatforms) = preSolution
		Debug|x64 = Debug|x64
		Debug|x86 = Debug|x86
		Release|x64 = Release|x64
		Release|x86 = Release|x86
	EndGlobalSection
	GlobalSection(ProjectConfigurationPlatforms) = postSolution
		{BBA6912D-D676-4026-9B76-5CDEB53510AD}.Debug|x64.ActiveCfg = Debug|x64
		{BBA6912D-D676-4026-9B76-5CDEB53510AD}.Debug|x64.Build.0 = Debug|x64
		{BBA6912D-D676-4026-9B76-5CDEB53510AD}.Debug|x86.ActiveCfg = Debug|Win32
		{BBA6912D-D676-4026-9B76-5CDEB53510AD}.Debug|x86.Build.0 = Debug|Win32
		{BBA6912D-D676-4026-9B76-5CDEB53510AD}.Release|x64.ActiveCfg = Release|x64
		{BBA6912D-D676-4026-9B76-5CDEB53510AD}.Release|x64.Build.0 = Release|x64
		{BBA6912D-D676-4026-9B76-5CDEB53510AD}.Release|x86.ActiveCfg = Release|Win32
		{BBA6912D-D676-4026-9B76-5CDEB53510AD}.Release|x86.Build.0 = Release|Win32
	EndGlobalSection
	GlobalSection(SolutionProperties) = preSolution
		HideSolutionNode = FALSE
	EndGlobalSection
	GlobalSection(ExtensibilityGlobals) = postSolution
		SolutionGuid = {7D5EC089-A04F-4638-B8CB-0D00563A771D}
	EndGlobalSection
EndGlobal
