
Microsoft Visual Studio Solution File, Format Version 12.00
# Visual Studio Version 17
VisualStudioVersion = 17.7.34024.191
MinimumVisualStudioVersion = 10.0.40219.1
Project("{8BC9CEB8-8B4A-11D0-8D11-00A0C91BC942}") = "扫雷", "扫雷.vcxproj", "{FD32F386-FC31-40F0-92E9-253753060158}"
EndProject
Global
	GlobalSection(SolutionConfigurationPlatforms) = preSolution
		Debug|x64 = Debug|x64
		Debug|x86 = Debug|x86
		Release|x64 = Release|x64
		Release|x86 = Release|x86
	EndGlobalSection
	GlobalSection(ProjectConfigurationPlatforms) = postSolution
		{FD32F386-FC31-40F0-92E9-253753060158}.Debug|x64.ActiveCfg = Debug|x64
		{FD32F386-FC31-40F0-92E9-253753060158}.Debug|x64.Build.0 = Debug|x64
		{FD32F386-FC31-40F0-92E9-253753060158}.Debug|x86.ActiveCfg = Debug|Win32
		{FD32F386-FC31-40F0-92E9-253753060158}.Debug|x86.Build.0 = Debug|Win32
		{FD32F386-FC31-40F0-92E9-253753060158}.Release|x64.ActiveCfg = Release|x64
		{FD32F386-FC31-40F0-92E9-253753060158}.Release|x64.Build.0 = Release|x64
		{FD32F386-FC31-40F0-92E9-253753060158}.Release|x86.ActiveCfg = Release|Win32
		{FD32F386-FC31-40F0-92E9-253753060158}.Release|x86.Build.0 = Release|Win32
	EndGlobalSection
	GlobalSection(SolutionProperties) = preSolution
		HideSolutionNode = FALSE
	EndGlobalSection
	GlobalSection(ExtensibilityGlobals) = postSolution
		SolutionGuid = {C2698D8C-FBD2-4270-B3C7-5D307A0BE179}
	EndGlobalSection
EndGlobal
